github.com/amenzhinsky/go-memexec v0.4.0 h1:hqB1jIrvjzixAd82iYDeh8ayRM5jV0q77KkY85LZWKs=
github.com/amenzhinsky/go-memexec v0.4.0/go.mod h1:h0mF+2xuXzWR8t7WX/huIIu1qmA1R+Rql7BmdAenEWs=
github.com/deckarep/golang-set v1.7.1 h1:SCQV0S6gTtp6itiFrTqI+pfmJ4LN85S1YzhDf9rTHJQ=
github.com/deckarep/golang-set v1.7.1/go.mod h1:93vsz/8Wt4joVM7c2AVqh+YRMiUSc14yDtF28KmMOgQ=
github.com/gorilla/websocket v1.4.2 h1:+/TMaTYc4QFitKJxsQ7Yye35DkWvkdLcvGKqM+x0Ufc=
github.com/gorilla/websocket v1.4.2/go.mod h1:YR8l580nyteQvAITg2hZ9XVh4b55+EU/adAjf1fMHhE=
github.com/jpillora/backoff v1.0.0 h1:uvFg412JmmHBHw7iwprIxkPMI+sGQ4kzOWsMeHnm2EA=
github.com/jpillora/backoff v1.0.0/go.mod h1:J/6gKK9jxlEcS3zixgDgUAsiuZ7yrSoa/FX5e0EB2j4=
github.com/nextzlog/zylo v0.0.0-20210509114951-1052ecc6a6fc h1:dk/N3f1DCxMTnKrTyjOVOFecASJn9C5LLV3i++YFhRQ=
github.com/nextzlog/zylo v0.0.0-20210509114951-1052ecc6a6fc/go.mod h1:lagy4RdEgR1yqPwkc8SkA37s0Nv4y2qcmybOUnSDOaE=
github.com/nu7hatch/gouuid v0.0.0-20131221200532-179d4d0c4d8d h1:VhgPp6v9qf9Agr/56bj7Y/xa04UccTW04VP0Qed4vnQ=
github.com/nu7hatch/gouuid v0.0.0-20131221200532-179d4d0c4d8d/go.mod h1:YUTz3bUH2ZwIWBy3CJBeOBEugqcmXREj14T+iG/4k4U=
github.com/recws-org/recws v1.3.1 h1:vtRhYpgNPBs3iFyu/+zxBqNzLYgID7UPC5siThkvbs0=
github.com/recws-org/recws v1.3.1/go.mod h1:gRH/uJLMsO7lbcecAB1Im1Zc6eKxs93ftGR0R39QeYA=
github.com/tadvi/winc v0.0.0-20190405175627-5454f291903d h1:IMe61i0F1F/AugXLCNYqi8NSqRm6ybWloiU/lQRnk+I=
github.com/tadvi/winc v0.0.0-20190405175627-5454f291903d/go.mod h1:tNBZi4sduF/C3bQE2wGTIccmErQ4A9M9QkPsICVg+oE=
gopkg.in/go-toast/toast.v1 v1.0.0-20180812000517-0a84660828b2 h1:gu/oICkpJXc2rCRVO9lrict4+gbV9uZhVPivr0RGQRQ=
gopkg.in/go-toast/toast.v1 v1.0.0-20180812000517-0a84660828b2/go.mod h1:5x9TKRvWYIVtTclT+koiTYO7ZW9N649n5SG7uKools0=
